
Microsoft Visual Studio Solution File, Format Version 12.00
Project("{2150E333-8FDC-42A3-9474-1A3956D46DE8}") = "DataProviders", "DataProviders", "{8EC61DA2-C3C9-4706-8D51-B5D51FF15262}"
EndProject
Project("{2150E333-8FDC-42A3-9474-1A3956D46DE8}") = "Domain", "Domain", "{7BE7DF51-0864-458C-B9DE-2B64199B758B}"
EndProject
Project("{2150E333-8FDC-42A3-9474-1A3956D46DE8}") = "EntryPoints", "EntryPoints", "{E80BF79E-7BFD-4D9A-995E-F773EC080834}"
EndProject
Project("{2150E333-8FDC-42A3-9474-1A3956D46DE8}") = "UnitTests", "UnitTests", "{5B77CA53-7031-4EB7-BCBA-A952179D75EA}"
EndProject
Project("{FAE04EC0-301F-11D3-BF4B-00C04F79EFBC}") = "UniversiteDomain", "UniversiteDomain\UniversiteDomain.csproj", "{35957086-E8E7-4BD4-AB46-DA54F2EEC0F8}"
EndProject
Project("{FAE04EC0-301F-11D3-BF4B-00C04F79EFBC}") = "UniversiteDomainUnitTests", "UniversiteDomainUnitTests\UniversiteDomainUnitTests.csproj", "{6D33ECA6-B2B7-4DD9-8F20-D9250B949A4E}"
EndProject
Project("{FAE04EC0-301F-11D3-BF4B-00C04F79EFBC}") = "UniversiteEFDataProvider", "UniversiteEFDataProvider\UniversiteEFDataProvider.csproj", "{B4F4275A-4D7C-4B06-9000-50FE9D3EB58C}"
EndProject
Project("{FAE04EC0-301F-11D3-BF4B-00C04F79EFBC}") = "UniversiteRestApi", "UniversiteRestApi\UniversiteRestApi.csproj", "{841D1064-7592-43D4-8544-F277213CA1D0}"
EndProject
Global
	GlobalSection(SolutionConfigurationPlatforms) = preSolution
		Debug|Any CPU = Debug|Any CPU
		Release|Any CPU = Release|Any CPU
	EndGlobalSection
	GlobalSection(NestedProjects) = preSolution
		{35957086-E8E7-4BD4-AB46-DA54F2EEC0F8} = {7BE7DF51-0864-458C-B9DE-2B64199B758B}
		{6D33ECA6-B2B7-4DD9-8F20-D9250B949A4E} = {5B77CA53-7031-4EB7-BCBA-A952179D75EA}
		{B4F4275A-4D7C-4B06-9000-50FE9D3EB58C} = {8EC61DA2-C3C9-4706-8D51-B5D51FF15262}
		{841D1064-7592-43D4-8544-F277213CA1D0} = {E80BF79E-7BFD-4D9A-995E-F773EC080834}
	EndGlobalSection
	GlobalSection(ProjectConfigurationPlatforms) = postSolution
		{35957086-E8E7-4BD4-AB46-DA54F2EEC0F8}.Debug|Any CPU.ActiveCfg = Debug|Any CPU
		{35957086-E8E7-4BD4-AB46-DA54F2EEC0F8}.Debug|Any CPU.Build.0 = Debug|Any CPU
		{35957086-E8E7-4BD4-AB46-DA54F2EEC0F8}.Release|Any CPU.ActiveCfg = Release|Any CPU
		{35957086-E8E7-4BD4-AB46-DA54F2EEC0F8}.Release|Any CPU.Build.0 = Release|Any CPU
		{6D33ECA6-B2B7-4DD9-8F20-D9250B949A4E}.Debug|Any CPU.ActiveCfg = Debug|Any CPU
		{6D33ECA6-B2B7-4DD9-8F20-D9250B949A4E}.Debug|Any CPU.Build.0 = Debug|Any CPU
		{6D33ECA6-B2B7-4DD9-8F20-D9250B949A4E}.Release|Any CPU.ActiveCfg = Release|Any CPU
		{6D33ECA6-B2B7-4DD9-8F20-D9250B949A4E}.Release|Any CPU.Build.0 = Release|Any CPU
		{B4F4275A-4D7C-4B06-9000-50FE9D3EB58C}.Debug|Any CPU.ActiveCfg = Debug|Any CPU
		{B4F4275A-4D7C-4B06-9000-50FE9D3EB58C}.Debug|Any CPU.Build.0 = Debug|Any CPU
		{B4F4275A-4D7C-4B06-9000-50FE9D3EB58C}.Release|Any CPU.ActiveCfg = Release|Any CPU
		{B4F4275A-4D7C-4B06-9000-50FE9D3EB58C}.Release|Any CPU.Build.0 = Release|Any CPU
		{841D1064-7592-43D4-8544-F277213CA1D0}.Debug|Any CPU.ActiveCfg = Debug|Any CPU
		{841D1064-7592-43D4-8544-F277213CA1D0}.Debug|Any CPU.Build.0 = Debug|Any CPU
		{841D1064-7592-43D4-8544-F277213CA1D0}.Release|Any CPU.ActiveCfg = Release|Any CPU
		{841D1064-7592-43D4-8544-F277213CA1D0}.Release|Any CPU.Build.0 = Release|Any CPU
	EndGlobalSection
EndGlobal
